
Microsoft Visual Studio Solution File, Format Version 12.00
# Visual Studio Version 17
VisualStudioVersion = 17.8.34511.84
MinimumVisualStudioVersion = 10.0.40219.1
Project("{9A19103F-16F7-4668-BE54-9A1E7A4F7556}") = "tetris1", "tetrix1\tetris1.csproj", "{4FF7A69E-2198-4422-AA37-11FBA0A558F7}"
EndProject
Global
	GlobalSection(SolutionConfigurationPlatforms) = preSolution
		Debug|Any CPU = Debug|Any CPU
		Release|Any CPU = Release|Any CPU
	EndGlobalSection
	GlobalSection(ProjectConfigurationPlatforms) = postSolution
		{4FF7A69E-2198-4422-AA37-11FBA0A558F7}.Debug|Any CPU.ActiveCfg = Debug|Any CPU
		{4FF7A69E-2198-4422-AA37-11FBA0A558F7}.Debug|Any CPU.Build.0 = Debug|Any CPU
		{4FF7A69E-2198-4422-AA37-11FBA0A558F7}.Release|Any CPU.ActiveCfg = Release|Any CPU
		{4FF7A69E-2198-4422-AA37-11FBA0A558F7}.Release|Any CPU.Build.0 = Release|Any CPU
	EndGlobalSection
	GlobalSection(SolutionProperties) = preSolution
		HideSolutionNode = FALSE
	EndGlobalSection
	GlobalSection(ExtensibilityGlobals) = postSolution
		SolutionGuid = {0D44189A-C974-4EA9-A5F3-B27474366B49}
	EndGlobalSection
EndGlobal
